
Microsoft Visual Studio Solution File, Format Version 12.00
# Visual Studio 15
VisualStudioVersion = 15.0.26228.4
MinimumVisualStudioVersion = 10.0.40219.1
Project("{2150E333-8FDC-42A3-9474-1A3956D46DE8}") = "src", "src", "{992E3830-491C-4CCF-83E3-732489C3F450}"
EndProject
Project("{2150E333-8FDC-42A3-9474-1A3956D46DE8}") = "Samples", "Samples", "{AEEED0E7-A994-46A9-A588-B73032D626B4}"
EndProject
Project("{9A19103F-16F7-4668-BE54-9A1E7A4F7556}") = "MarkdownViewEngineSample", "samples\MarkdownViewEngineSample\MarkdownViewEngineSample.csproj", "{AE568D13-5E5E-4A5D-9000-6AF816B55803}"
EndProject
Project("{FAE04EC0-301F-11D3-BF4B-00C04F79EFBC}") = "My.AspNetCore.Mvc.Markdown", "src\MarkdownViewEngine\My.AspNetCore.Mvc.Markdown.csproj", "{57A08001-A2D0-49E2-8C84-69DFF91241A6}"
EndProject
Global
	GlobalSection(SolutionConfigurationPlatforms) = preSolution
		Debug|Any CPU = Debug|Any CPU
		Debug|x64 = Debug|x64
		Debug|x86 = Debug|x86
		Release|Any CPU = Release|Any CPU
		Release|x64 = Release|x64
		Release|x86 = Release|x86
	EndGlobalSection
	GlobalSection(ProjectConfigurationPlatforms) = postSolution
		{AE568D13-5E5E-4A5D-9000-6AF816B55803}.Debug|Any CPU.ActiveCfg = Debug|Any CPU
		{AE568D13-5E5E-4A5D-9000-6AF816B55803}.Debug|Any CPU.Build.0 = Debug|Any CPU
		{AE568D13-5E5E-4A5D-9000-6AF816B55803}.Debug|x64.ActiveCfg = Debug|Any CPU
		{AE568D13-5E5E-4A5D-9000-6AF816B55803}.Debug|x64.Build.0 = Debug|Any CPU
		{AE568D13-5E5E-4A5D-9000-6AF816B55803}.Debug|x86.ActiveCfg = Debug|Any CPU
		{AE568D13-5E5E-4A5D-9000-6AF816B55803}.Debug|x86.Build.0 = Debug|Any CPU
		{AE568D13-5E5E-4A5D-9000-6AF816B55803}.Release|Any CPU.ActiveCfg = Release|Any CPU
		{AE568D13-5E5E-4A5D-9000-6AF816B55803}.Release|Any CPU.Build.0 = Release|Any CPU
		{AE568D13-5E5E-4A5D-9000-6AF816B55803}.Release|x64.ActiveCfg = Release|Any CPU
		{AE568D13-5E5E-4A5D-9000-6AF816B55803}.Release|x64.Build.0 = Release|Any CPU
		{AE568D13-5E5E-4A5D-9000-6AF816B55803}.Release|x86.ActiveCfg = Release|Any CPU
		{AE568D13-5E5E-4A5D-9000-6AF816B55803}.Release|x86.Build.0 = Release|Any CPU
		{57A08001-A2D0-49E2-8C84-69DFF91241A6}.Debug|Any CPU.ActiveCfg = Debug|Any CPU
		{57A08001-A2D0-49E2-8C84-69DFF91241A6}.Debug|Any CPU.Build.0 = Debug|Any CPU
		{57A08001-A2D0-49E2-8C84-69DFF91241A6}.Debug|x64.ActiveCfg = Debug|Any CPU
		{57A08001-A2D0-49E2-8C84-69DFF91241A6}.Debug|x64.Build.0 = Debug|Any CPU
		{57A08001-A2D0-49E2-8C84-69DFF91241A6}.Debug|x86.ActiveCfg = Debug|Any CPU
		{57A08001-A2D0-49E2-8C84-69DFF91241A6}.Debug|x86.Build.0 = Debug|Any CPU
		{57A08001-A2D0-49E2-8C84-69DFF91241A6}.Release|Any CPU.ActiveCfg = Release|Any CPU
		{57A08001-A2D0-49E2-8C84-69DFF91241A6}.Release|Any CPU.Build.0 = Release|Any CPU
		{57A08001-A2D0-49E2-8C84-69DFF91241A6}.Release|x64.ActiveCfg = Release|Any CPU
		{57A08001-A2D0-49E2-8C84-69DFF91241A6}.Release|x64.Build.0 = Release|Any CPU
		{57A08001-A2D0-49E2-8C84-69DFF91241A6}.Release|x86.ActiveCfg = Release|Any CPU
		{57A08001-A2D0-49E2-8C84-69DFF91241A6}.Release|x86.Build.0 = Release|Any CPU
	EndGlobalSection
	GlobalSection(SolutionProperties) = preSolution
		HideSolutionNode = FALSE
	EndGlobalSection
	GlobalSection(NestedProjects) = preSolution
		{AE568D13-5E5E-4A5D-9000-6AF816B55803} = {AEEED0E7-A994-46A9-A588-B73032D626B4}
		{57A08001-A2D0-49E2-8C84-69DFF91241A6} = {992E3830-491C-4CCF-83E3-732489C3F450}
	EndGlobalSection
EndGlobal
